
Microsoft Visual Studio Solution File, Format Version 12.00
# Visual Studio Version 17
VisualStudioVersion = 17.8.34525.116
MinimumVisualStudioVersion = 10.0.40219.1
Project("{FAE04EC0-301F-11D3-BF4B-00C04F79EFBC}") = "EmployeeDemo.web", "EmployeeDemo2\EmployeeDemo.web.csproj", "{A8E0148A-6BD7-40A2-B80C-5811A76AB3B7}"
EndProject
Project("{FAE04EC0-301F-11D3-BF4B-00C04F79EFBC}") = "EmployeeDemo.Domain", "EmployeeDemo.Domain\EmployeeDemo.Domain.csproj", "{1E9C62EE-BE2A-4EB0-86F1-B3570F275CD8}"
EndProject
Project("{FAE04EC0-301F-11D3-BF4B-00C04F79EFBC}") = "EmployeeDemo.EF", "EmployeeDemo.EF\EmployeeDemo.EF.csproj", "{B2DC37E5-3E87-4200-8FDD-B65DBD7896C5}"
EndProject
Global
	GlobalSection(SolutionConfigurationPlatforms) = preSolution
		Debug|Any CPU = Debug|Any CPU
		Release|Any CPU = Release|Any CPU
	EndGlobalSection
	GlobalSection(ProjectConfigurationPlatforms) = postSolution
		{A8E0148A-6BD7-40A2-B80C-5811A76AB3B7}.Debug|Any CPU.ActiveCfg = Debug|Any CPU
		{A8E0148A-6BD7-40A2-B80C-5811A76AB3B7}.Debug|Any CPU.Build.0 = Debug|Any CPU
		{A8E0148A-6BD7-40A2-B80C-5811A76AB3B7}.Release|Any CPU.ActiveCfg = Release|Any CPU
		{A8E0148A-6BD7-40A2-B80C-5811A76AB3B7}.Release|Any CPU.Build.0 = Release|Any CPU
		{1E9C62EE-BE2A-4EB0-86F1-B3570F275CD8}.Debug|Any CPU.ActiveCfg = Debug|Any CPU
		{1E9C62EE-BE2A-4EB0-86F1-B3570F275CD8}.Debug|Any CPU.Build.0 = Debug|Any CPU
		{1E9C62EE-BE2A-4EB0-86F1-B3570F275CD8}.Release|Any CPU.ActiveCfg = Release|Any CPU
		{1E9C62EE-BE2A-4EB0-86F1-B3570F275CD8}.Release|Any CPU.Build.0 = Release|Any CPU
		{B2DC37E5-3E87-4200-8FDD-B65DBD7896C5}.Debug|Any CPU.ActiveCfg = Debug|Any CPU
		{B2DC37E5-3E87-4200-8FDD-B65DBD7896C5}.Debug|Any CPU.Build.0 = Debug|Any CPU
		{B2DC37E5-3E87-4200-8FDD-B65DBD7896C5}.Release|Any CPU.ActiveCfg = Release|Any CPU
		{B2DC37E5-3E87-4200-8FDD-B65DBD7896C5}.Release|Any CPU.Build.0 = Release|Any CPU
	EndGlobalSection
	GlobalSection(SolutionProperties) = preSolution
		HideSolutionNode = FALSE
	EndGlobalSection
	GlobalSection(ExtensibilityGlobals) = postSolution
		SolutionGuid = {3E1359F2-403F-4987-916A-148D08ED2A39}
	EndGlobalSection
EndGlobal
